# THIS IS AN AUTOGENERATED FILE. DO NOT EDIT THIS FILE DIRECTLY.
# yarn lockfile v1


"@types/async@^3.2.5":
  version "3.2.5"
  resolved "https://registry.yarnpkg.com/@types/async/-/async-3.2.5.tgz#febca3166039b8946eb162a14a91e8de9a373ebc"
  integrity sha512-fdtHUdfIxSfU6crUgUOEb6vxdquAOa75bh1sQVL/ePkmQDNo8Aj1056eGGI9cPls5tLRhnAyfoXljEk+hmhbxg==

"@types/aws-lambda@^8.10.72":
  version "8.10.72"
  resolved "https://registry.yarnpkg.com/@types/aws-lambda/-/aws-lambda-8.10.72.tgz#af2a6eeaf39be9674e3856f1870d9d15cf75e2e0"
  integrity sha512-jOrTwAhSiUtBIN/QsWNKlI4+4aDtpZ0sr2BRvKW6XQZdspgHUSHPcuzxbzCRiHUiDQ+0026u5TSE38VyIhNnfA==

"@types/gremlin@^3.4.6":
  version "3.4.6"
  resolved "https://registry.yarnpkg.com/@types/gremlin/-/gremlin-3.4.6.tgz#bdc83ffe9738c49c3eac56006ae62b1f06bdce8c"
  integrity sha512-ncw1vWIpoSdG8I6yPWvCE+q2yVzQRdEC0Gy1dHE96T4VV1W+k3oif93Hzxu1hMRz0GUOlyCVE2zvqOwS02Zogg==

async-limiter@~1.0.0:
  version "1.0.1"
  resolved "https://registry.yarnpkg.com/async-limiter/-/async-limiter-1.0.1.tgz#dd379e94f0db8310b08291f9d64c3209766617fd"
  integrity sha512-csOlWGAcRFJaI6m+F2WKdnMKr4HhdhFVBk0H/QbJFMCr+uO2kwohwXQPxw/9OCxp05r5ghVBFSyioixx3gfkNQ==

async@^3.2.0:
  version "3.2.0"
  resolved "https://registry.yarnpkg.com/async/-/async-3.2.0.tgz#b3a2685c5ebb641d3de02d161002c60fc9f85720"
  integrity sha512-TR2mEZFVOj2pLStYxLht7TyfuRzaydfpxr3k9RpHIzMgw7A64dzsdqCxH1WJyQdoe8T10nDXd9wnEigmiuHIZw==

gremlin@^3.4.10:
  version "3.4.10"
  resolved "https://registry.yarnpkg.com/gremlin/-/gremlin-3.4.10.tgz#9b7f0dce029b7ec370398c83630d847c74272b72"
  integrity sha512-4cEkpsZ3MOYSv5tOsLcwr/PTjBzazwKuFnFgkhvmrGN8Rj+x9JfGDjxz1Qanz7pkl/CcD7CEJn9eg3M/Dk5pBA==
  dependencies:
    ws "^6.2.1"

ws@^6.2.1:
  version "6.2.1"
  resolved "https://registry.yarnpkg.com/ws/-/ws-6.2.1.tgz#442fdf0a47ed64f59b6a5d8ff130f4748ed524fb"
  integrity sha512-GIyAXC2cB7LjvpgMt9EKS2ldqr0MTrORaleiOno6TweZ6r3TKtoFQWay/2PceJ3RuBasOHzXNn5Lrw1X0bEjqA==
  dependencies:
    async-limiter "~1.0.0"
